// !$*UTF8*$!
{
	archiveVersion = 1;
	classes = {
	};
	objectVersion = 51;
	objects = {

/* Begin PBXBuildFile section */
		407274485B32D6CBF6323DB5 /* Pods_swiftBootTests.framework in Frameworks */ = {isa = PBXBuildFile; fileRef = 4CA340CDA0294A29599E0DEB /* Pods_swiftBootTests.framework */; };
		620BD6D626998ECC00F255C0 /* AppDelegate.swift in Sources */ = {isa = PBXBuildFile; fileRef = 620BD6D526998ECC00F255C0 /* AppDelegate.swift */; };
		620BD6DA26998ECC00F255C0 /* ViewController.swift in Sources */ = {isa = PBXBuildFile; fileRef = 620BD6D926998ECC00F255C0 /* ViewController.swift */; };
		620BD6DF26998ED100F255C0 /* Assets.xcassets in Resources */ = {isa = PBXBuildFile; fileRef = 620BD6DE26998ED100F255C0 /* Assets.xcassets */; };
		620BD6E226998ED100F255C0 /* LaunchScreen.storyboard in Resources */ = {isa = PBXBuildFile; fileRef = 620BD6E026998ED100F255C0 /* LaunchScreen.storyboard */; };
		620BD6ED26998ED100F255C0 /* swiftBootTests.swift in Sources */ = {isa = PBXBuildFile; fileRef = 620BD6EC26998ED100F255C0 /* swiftBootTests.swift */; };
		620BD6F826998ED100F255C0 /* swiftBootUITests.swift in Sources */ = {isa = PBXBuildFile; fileRef = 620BD6F726998ED100F255C0 /* swiftBootUITests.swift */; };
		620BD7092699A60500F255C0 /* UIBarButtonItem+Extension.swift in Sources */ = {isa = PBXBuildFile; fileRef = 620BD7082699A60500F255C0 /* UIBarButtonItem+Extension.swift */; };
		620BD70B2699A73A00F255C0 /* NSDate+Extension.swift in Sources */ = {isa = PBXBuildFile; fileRef = 620BD70A2699A73A00F255C0 /* NSDate+Extension.swift */; };
		620BD70E2699A7F900F255C0 /* Common.swift in Sources */ = {isa = PBXBuildFile; fileRef = 620BD70D2699A7F900F255C0 /* Common.swift */; };
		B14953C5F8AD51316A0F0319 /* Pods_swiftBoot.framework in Frameworks */ = {isa = PBXBuildFile; fileRef = 05B861A62626B8E448916E0A /* Pods_swiftBoot.framework */; };
		E9ECC69C6BD9CD5D44A2D605 /* Pods_swiftBoot_swiftBootUITests.framework in Frameworks */ = {isa = PBXBuildFile; fileRef = 0C31F50C2EEA719A31E5533C /* Pods_swiftBoot_swiftBootUITests.framework */; };
/* End PBXBuildFile section */

/* Begin PBXContainerItemProxy section */
		620BD6E926998ED100F255C0 /* PBXContainerItemProxy */ = {
			isa = PBXContainerItemProxy;
			containerPortal = 620BD6CA26998ECC00F255C0 /* Project object */;
			proxyType = 1;
			remoteGlobalIDString = 620BD6D126998ECC00F255C0;
			remoteInfo = swiftBoot;
		};
		620BD6F426998ED100F255C0 /* PBXContainerItemProxy */ = {
			isa = PBXContainerItemProxy;
			containerPortal = 620BD6CA26998ECC00F255C0 /* Project object */;
			proxyType = 1;
			remoteGlobalIDString = 620BD6D126998ECC00F255C0;
			remoteInfo = swiftBoot;
		};
/* End PBXContainerItemProxy section */

/* Begin PBXFileReference section */
		05B861A62626B8E448916E0A /* Pods_swiftBoot.framework */ = {isa = PBXFileReference; explicitFileType = wrapper.framework; includeInIndex = 0; path = Pods_swiftBoot.framework; sourceTree = BUILT_PRODUCTS_DIR; };
		0C31F50C2EEA719A31E5533C /* Pods_swiftBoot_swiftBootUITests.framework */ = {isa = PBXFileReference; explicitFileType = wrapper.framework; includeInIndex = 0; path = Pods_swiftBoot_swiftBootUITests.framework; sourceTree = BUILT_PRODUCTS_DIR; };
		2C9D9CE19E38C8CA6DB9944D /* Pods-swiftBootTests.debug.xcconfig */ = {isa = PBXFileReference; includeInIndex = 1; lastKnownFileType = text.xcconfig; name = "Pods-swiftBootTests.debug.xcconfig"; path = "Target Support Files/Pods-swiftBootTests/Pods-swiftBootTests.debug.xcconfig"; sourceTree = "<group>"; };
		4CA340CDA0294A29599E0DEB /* Pods_swiftBootTests.framework */ = {isa = PBXFileReference; explicitFileType = wrapper.framework; includeInIndex = 0; path = Pods_swiftBootTests.framework; sourceTree = BUILT_PRODUCTS_DIR; };
		620BD6D226998ECC00F255C0 /* swiftBoot.app */ = {isa = PBXFileReference; explicitFileType = wrapper.application; includeInIndex = 0; path = swiftBoot.app; sourceTree = BUILT_PRODUCTS_DIR; };
		620BD6D526998ECC00F255C0 /* AppDelegate.swift */ = {isa = PBXFileReference; lastKnownFileType = sourcecode.swift; path = AppDelegate.swift; sourceTree = "<group>"; };
		620BD6D926998ECC00F255C0 /* ViewController.swift */ = {isa = PBXFileReference; lastKnownFileType = sourcecode.swift; path = ViewController.swift; sourceTree = "<group>"; };
		620BD6DE26998ED100F255C0 /* Assets.xcassets */ = {isa = PBXFileReference; lastKnownFileType = folder.assetcatalog; path = Assets.xcassets; sourceTree = "<group>"; };
		620BD6E126998ED100F255C0 /* Base */ = {isa = PBXFileReference; lastKnownFileType = file.storyboard; name = Base; path = Base.lproj/LaunchScreen.storyboard; sourceTree = "<group>"; };
		620BD6E326998ED100F255C0 /* Info.plist */ = {isa = PBXFileReference; lastKnownFileType = text.plist.xml; path = Info.plist; sourceTree = "<group>"; };
		620BD6E826998ED100F255C0 /* swiftBootTests.xctest */ = {isa = PBXFileReference; explicitFileType = wrapper.cfbundle; includeInIndex = 0; path = swiftBootTests.xctest; sourceTree = BUILT_PRODUCTS_DIR; };
		620BD6EC26998ED100F255C0 /* swiftBootTests.swift */ = {isa = PBXFileReference; lastKnownFileType = sourcecode.swift; path = swiftBootTests.swift; sourceTree = "<group>"; };
		620BD6EE26998ED100F255C0 /* Info.plist */ = {isa = PBXFileReference; lastKnownFileType = text.plist.xml; path = Info.plist; sourceTree = "<group>"; };
		620BD6F326998ED100F255C0 /* swiftBootUITests.xctest */ = {isa = PBXFileReference; explicitFileType = wrapper.cfbundle; includeInIndex = 0; path = swiftBootUITests.xctest; sourceTree = BUILT_PRODUCTS_DIR; };
		620BD6F726998ED100F255C0 /* swiftBootUITests.swift */ = {isa = PBXFileReference; lastKnownFileType = sourcecode.swift; path = swiftBootUITests.swift; sourceTree = "<group>"; };
		620BD6F926998ED100F255C0 /* Info.plist */ = {isa = PBXFileReference; lastKnownFileType = text.plist.xml; path = Info.plist; sourceTree = "<group>"; };
		620BD7082699A60500F255C0 /* UIBarButtonItem+Extension.swift */ = {isa = PBXFileReference; lastKnownFileType = sourcecode.swift; path = "UIBarButtonItem+Extension.swift"; sourceTree = "<group>"; };
		620BD70A2699A73A00F255C0 /* NSDate+Extension.swift */ = {isa = PBXFileReference; lastKnownFileType = sourcecode.swift; path = "NSDate+Extension.swift"; sourceTree = "<group>"; };
		620BD70D2699A7F900F255C0 /* Common.swift */ = {isa = PBXFileReference; lastKnownFileType = sourcecode.swift; path = Common.swift; sourceTree = "<group>"; };
		70AD1CD26677EE73D9712B09 /* Pods-swiftBoot-swiftBootUITests.debug.xcconfig */ = {isa = PBXFileReference; includeInIndex = 1; lastKnownFileType = text.xcconfig; name = "Pods-swiftBoot-swiftBootUITests.debug.xcconfig"; path = "Target Support Files/Pods-swiftBoot-swiftBootUITests/Pods-swiftBoot-swiftBootUITests.debug.xcconfig"; sourceTree = "<group>"; };
		7CF9BDCDAED5CD68373803CF /* Pods-swiftBoot.debug.xcconfig */ = {isa = PBXFileReference; includeInIndex = 1; lastKnownFileType = text.xcconfig; name = "Pods-swiftBoot.debug.xcconfig"; path = "Target Support Files/Pods-swiftBoot/Pods-swiftBoot.debug.xcconfig"; sourceTree = "<group>"; };
		8A350E81B9E08E0F87528BF5 /* Pods-swiftBoot.release.xcconfig */ = {isa = PBXFileReference; includeInIndex = 1; lastKnownFileType = text.xcconfig; name = "Pods-swiftBoot.release.xcconfig"; path = "Target Support Files/Pods-swiftBoot/Pods-swiftBoot.release.xcconfig"; sourceTree = "<group>"; };
		BFA4AB82365B84FB6F8FA219 /* Pods-swiftBootTests.release.xcconfig */ = {isa = PBXFileReference; includeInIndex = 1; lastKnownFileType = text.xcconfig; name = "Pods-swiftBootTests.release.xcconfig"; path = "Target Support Files/Pods-swiftBootTests/Pods-swiftBootTests.release.xcconfig"; sourceTree = "<group>"; };
		E16EA280E0DEF0BC12A2B3D1 /* Pods-swiftBoot-swiftBootUITests.release.xcconfig */ = {isa = PBXFileReference; includeInIndex = 1; lastKnownFileType = text.xcconfig; name = "Pods-swiftBoot-swiftBootUITests.release.xcconfig"; path = "Target Support Files/Pods-swiftBoot-swiftBootUITests/Pods-swiftBoot-swiftBootUITests.release.xcconfig"; sourceTree = "<group>"; };
/* End PBXFileReference section */

/* Begin PBXFrameworksBuildPhase section */
		620BD6CF26998ECC00F255C0 /* Frameworks */ = {
			isa = PBXFrameworksBuildPhase;
			buildActionMask = 2147483647;
			files = (
				B14953C5F8AD51316A0F0319 /* Pods_swiftBoot.framework in Frameworks */,
			);
			runOnlyForDeploymentPostprocessing = 0;
		};
		620BD6E526998ED100F255C0 /* Frameworks */ = {
			isa = PBXFrameworksBuildPhase;
			buildActionMask = 2147483647;
			files = (
				407274485B32D6CBF6323DB5 /* Pods_swiftBootTests.framework in Frameworks */,
			);
			runOnlyForDeploymentPostprocessing = 0;
		};
		620BD6F026998ED100F255C0 /* Frameworks */ = {
			isa = PBXFrameworksBuildPhase;
			buildActionMask = 2147483647;
			files = (
				E9ECC69C6BD9CD5D44A2D605 /* Pods_swiftBoot_swiftBootUITests.framework in Frameworks */,
			);
			runOnlyForDeploymentPostprocessing = 0;
		};
/* End PBXFrameworksBuildPhase section */

/* Begin PBXGroup section */
		0FAC3DE3B8898C7FD720AE3F /* Frameworks */ = {
			isa = PBXGroup;
			children = (
				05B861A62626B8E448916E0A /* Pods_swiftBoot.framework */,
				0C31F50C2EEA719A31E5533C /* Pods_swiftBoot_swiftBootUITests.framework */,
				4CA340CDA0294A29599E0DEB /* Pods_swiftBootTests.framework */,
			);
			name = Frameworks;
			sourceTree = "<group>";
		};
		214B0A15012E60472CC29CA3 /* Pods */ = {
			isa = PBXGroup;
			children = (
				7CF9BDCDAED5CD68373803CF /* Pods-swiftBoot.debug.xcconfig */,
				8A350E81B9E08E0F87528BF5 /* Pods-swiftBoot.release.xcconfig */,
				70AD1CD26677EE73D9712B09 /* Pods-swiftBoot-swiftBootUITests.debug.xcconfig */,
				E16EA280E0DEF0BC12A2B3D1 /* Pods-swiftBoot-swiftBootUITests.release.xcconfig */,
				2C9D9CE19E38C8CA6DB9944D /* Pods-swiftBootTests.debug.xcconfig */,
				BFA4AB82365B84FB6F8FA219 /* Pods-swiftBootTests.release.xcconfig */,
			);
			path = Pods;
			sourceTree = "<group>";
		};
		620BD6C926998ECC00F255C0 = {
			isa = PBXGroup;
			children = (
				620BD6D426998ECC00F255C0 /* swiftBoot */,
				620BD6EB26998ED100F255C0 /* swiftBootTests */,
				620BD6F626998ED100F255C0 /* swiftBootUITests */,
				620BD6D326998ECC00F255C0 /* Products */,
				214B0A15012E60472CC29CA3 /* Pods */,
				0FAC3DE3B8898C7FD720AE3F /* Frameworks */,
			);
			sourceTree = "<group>";
		};
		620BD6D326998ECC00F255C0 /* Products */ = {
			isa = PBXGroup;
			children = (
				620BD6D226998ECC00F255C0 /* swiftBoot.app */,
				620BD6E826998ED100F255C0 /* swiftBootTests.xctest */,
				620BD6F326998ED100F255C0 /* swiftBootUITests.xctest */,
			);
			name = Products;
			sourceTree = "<group>";
		};
		620BD6D426998ECC00F255C0 /* swiftBoot */ = {
			isa = PBXGroup;
			children = (
				620BD7052699A54200F255C0 /* Classes */,
				620BD6D526998ECC00F255C0 /* AppDelegate.swift */,
				620BD6D926998ECC00F255C0 /* ViewController.swift */,
				620BD6DE26998ED100F255C0 /* Assets.xcassets */,
				620BD6E026998ED100F255C0 /* LaunchScreen.storyboard */,
				620BD6E326998ED100F255C0 /* Info.plist */,
			);
			path = swiftBoot;
			sourceTree = "<group>";
		};
		620BD6EB26998ED100F255C0 /* swiftBootTests */ = {
			isa = PBXGroup;
			children = (
				620BD6EC26998ED100F255C0 /* swiftBootTests.swift */,
				620BD6EE26998ED100F255C0 /* Info.plist */,
			);
			path = swiftBootTests;
			sourceTree = "<group>";
		};
		620BD6F626998ED100F255C0 /* swiftBootUITests */ = {
			isa = PBXGroup;
			children = (
				620BD6F726998ED100F255C0 /* swiftBootUITests.swift */,
				620BD6F926998ED100F255C0 /* Info.plist */,
			);
			path = swiftBootUITests;
			sourceTree = "<group>";
		};
		620BD7052699A54200F255C0 /* Classes */ = {
			isa = PBXGroup;
			children = (
				620BD7062699A54D00F255C0 /* Other */,
			);
			path = Classes;
			sourceTree = "<group>";
		};
		620BD7062699A54D00F255C0 /* Other */ = {
			isa = PBXGroup;
			children = (
				620BD70C2699A7EA00F255C0 /* Constant */,
				620BD7072699A57500F255C0 /* Category */,
			);
			path = Other;
			sourceTree = "<group>";
		};
		620BD7072699A57500F255C0 /* Category */ = {
			isa = PBXGroup;
			children = (
				620BD7082699A60500F255C0 /* UIBarButtonItem+Extension.swift */,
				620BD70A2699A73A00F255C0 /* NSDate+Extension.swift */,
			);
			path = Category;
			sourceTree = "<group>";
		};
		620BD70C2699A7EA00F255C0 /* Constant */ = {
			isa = PBXGroup;
			children = (
				620BD70D2699A7F900F255C0 /* Common.swift */,
			);
			path = Constant;
			sourceTree = "<group>";
		};
/* End PBXGroup section */

/* Begin PBXNativeTarget section */
		620BD6D126998ECC00F255C0 /* swiftBoot */ = {
			isa = PBXNativeTarget;
			buildConfigurationList = 620BD6FC26998ED100F255C0 /* Build configuration list for PBXNativeTarget "swiftBoot" */;
			buildPhases = (
				06374DFA0643171B1B8F6972 /* [CP] Check Pods Manifest.lock */,
				620BD6CE26998ECC00F255C0 /* Sources */,
				620BD6CF26998ECC00F255C0 /* Frameworks */,
				620BD6D026998ECC00F255C0 /* Resources */,
				856C6E63885529F65C29A1BA /* [CP] Embed Pods Frameworks */,
			);
			buildRules = (
			);
			dependencies = (
			);
			name = swiftBoot;
			productName = swiftBoot;
			productReference = 620BD6D226998ECC00F255C0 /* swiftBoot.app */;
			productType = "com.apple.product-type.application";
		};
		620BD6E726998ED100F255C0 /* swiftBootTests */ = {
			isa = PBXNativeTarget;
			buildConfigurationList = 620BD6FF26998ED100F255C0 /* Build configuration list for PBXNativeTarget "swiftBootTests" */;
			buildPhases = (
				1A95EEB0E8CE1805767941BB /* [CP] Check Pods Manifest.lock */,
				620BD6E426998ED100F255C0 /* Sources */,
				620BD6E526998ED100F255C0 /* Frameworks */,
				620BD6E626998ED100F255C0 /* Resources */,
			);
			buildRules = (
			);
			dependencies = (
				620BD6EA26998ED100F255C0 /* PBXTargetDependency */,
			);
			name = swiftBootTests;
			productName = swiftBootTests;
			productReference = 620BD6E826998ED100F255C0 /* swiftBootTests.xctest */;
			productType = "com.apple.product-type.bundle.unit-test";
		};
		620BD6F226998ED100F255C0 /* swiftBootUITests */ = {
			isa = PBXNativeTarget;
			buildConfigurationList = 620BD70226998ED100F255C0 /* Build configuration list for PBXNativeTarget "swiftBootUITests" */;
			buildPhases = (
				4DD24F1F08743C356CD21542 /* [CP] Check Pods Manifest.lock */,
				620BD6EF26998ED100F255C0 /* Sources */,
				620BD6F026998ED100F255C0 /* Frameworks */,
				620BD6F126998ED100F255C0 /* Resources */,
				DC83389C6236B85BC015738A /* [CP] Embed Pods Frameworks */,
			);
			buildRules = (
			);
			dependencies = (
				620BD6F526998ED100F255C0 /* PBXTargetDependency */,
			);
			name = swiftBootUITests;
			productName = swiftBootUITests;
			productReference = 620BD6F326998ED100F255C0 /* swiftBootUITests.xctest */;
			productType = "com.apple.product-type.bundle.ui-testing";
		};
/* End PBXNativeTarget section */

/* Begin PBXProject section */
		620BD6CA26998ECC00F255C0 /* Project object */ = {
			isa = PBXProject;
			attributes = {
				LastSwiftUpdateCheck = 1250;
				LastUpgradeCheck = 1250;
				TargetAttributes = {
					620BD6D126998ECC00F255C0 = {
						CreatedOnToolsVersion = 12.5.1;
					};
					620BD6E726998ED100F255C0 = {
						CreatedOnToolsVersion = 12.5.1;
						TestTargetID = 620BD6D126998ECC00F255C0;
					};
					620BD6F226998ED100F255C0 = {
						CreatedOnToolsVersion = 12.5.1;
						TestTargetID = 620BD6D126998ECC00F255C0;
					};
				};
			};
			buildConfigurationList = 620BD6CD26998ECC00F255C0 /* Build configuration list for PBXProject "swiftBoot" */;
			compatibilityVersion = "Xcode 9.3";
			developmentRegion = en;
			hasScannedForEncodings = 0;
			knownRegions = (
				en,
				Base,
			);
			mainGroup = 620BD6C926998ECC00F255C0;
			productRefGroup = 620BD6D326998ECC00F255C0 /* Products */;
			projectDirPath = "";
			projectRoot = "";
			targets = (
				620BD6D126998ECC00F255C0 /* swiftBoot */,
				620BD6E726998ED100F255C0 /* swiftBootTests */,
				620BD6F226998ED100F255C0 /* swiftBootUITests */,
			);
		};
/* End PBXProject section */

/* Begin PBXResourcesBuildPhase section */
		620BD6D026998ECC00F255C0 /* Resources */ = {
			isa = PBXResourcesBuildPhase;
			buildActionMask = 2147483647;
			files = (
				620BD6E226998ED100F255C0 /* LaunchScreen.storyboard in Resources */,
				620BD6DF26998ED100F255C0 /* Assets.xcassets in Resources */,
			);
			runOnlyForDeploymentPostprocessing = 0;
		};
		620BD6E626998ED100F255C0 /* Resources */ = {
			isa = PBXResourcesBuildPhase;
			buildActionMask = 2147483647;
			files = (
			);
			runOnlyForDeploymentPostprocessing = 0;
		};
		620BD6F126998ED100F255C0 /* Resources */ = {
			isa = PBXResourcesBuildPhase;
			buildActionMask = 2147483647;
			files = (
			);
			runOnlyForDeploymentPostprocessing = 0;
		};
/* End PBXResourcesBuildPhase section */

/* Begin PBXShellScriptBuildPhase section */
		06374DFA0643171B1B8F6972 /* [CP] Check Pods Manifest.lock */ = {
			isa = PBXShellScriptBuildPhase;
			buildActionMask = 2147483647;
			files = (
			);
			inputFileListPaths = (
			);
			inputPaths = (
				"${PODS_PODFILE_DIR_PATH}/Podfile.lock",
				"${PODS_ROOT}/Manifest.lock",
			);
			name = "[CP] Check Pods Manifest.lock";
			outputFileListPaths = (
			);
			outputPaths = (
				"$(DERIVED_FILE_DIR)/Pods-swiftBoot-checkManifestLockResult.txt",
			);
			runOnlyForDeploymentPostprocessing = 0;
			shellPath = /bin/sh;
			shellScript = "diff \"${PODS_PODFILE_DIR_PATH}/Podfile.lock\" \"${PODS_ROOT}/Manifest.lock\" > /dev/null\nif [ $? != 0 ] ; then\n    # print error to STDERR\n    echo \"error: The sandbox is not in sync with the Podfile.lock. Run 'pod install' or update your CocoaPods installation.\" >&2\n    exit 1\nfi\n# This output is used by Xcode 'outputs' to avoid re-running this script phase.\necho \"SUCCESS\" > \"${SCRIPT_OUTPUT_FILE_0}\"\n";
			showEnvVarsInLog = 0;
		};
		1A95EEB0E8CE1805767941BB /* [CP] Check Pods Manifest.lock */ = {
			isa = PBXShellScriptBuildPhase;
			buildActionMask = 2147483647;
			files = (
			);
			inputFileListPaths = (
			);
			inputPaths = (
				"${PODS_PODFILE_DIR_PATH}/Podfile.lock",
				"${PODS_ROOT}/Manifest.lock",
			);
			name = "[CP] Check Pods Manifest.lock";
			outputFileListPaths = (
			);
			outputPaths = (
				"$(DERIVED_FILE_DIR)/Pods-swiftBootTests-checkManifestLockResult.txt",
			);
			runOnlyForDeploymentPostprocessing = 0;
			shellPath = /bin/sh;
			shellScript = "diff \"${PODS_PODFILE_DIR_PATH}/Podfile.lock\" \"${PODS_ROOT}/Manifest.lock\" > /dev/null\nif [ $? != 0 ] ; then\n    # print error to STDERR\n    echo \"error: The sandbox is not in sync with the Podfile.lock. Run 'pod install' or update your CocoaPods installation.\" >&2\n    exit 1\nfi\n# This output is used by Xcode 'outputs' to avoid re-running this script phase.\necho \"SUCCESS\" > \"${SCRIPT_OUTPUT_FILE_0}\"\n";
			showEnvVarsInLog = 0;
		};
		4DD24F1F08743C356CD21542 /* [CP] Check Pods Manifest.lock */ = {
			isa = PBXShellScriptBuildPhase;
			buildActionMask = 2147483647;
			files = (
			);
			inputFileListPaths = (
			);
			inputPaths = (
				"${PODS_PODFILE_DIR_PATH}/Podfile.lock",
				"${PODS_ROOT}/Manifest.lock",
			);
			name = "[CP] Check Pods Manifest.lock";
			outputFileListPaths = (
			);
			outputPaths = (
				"$(DERIVED_FILE_DIR)/Pods-swiftBoot-swiftBootUITests-checkManifestLockResult.txt",
			);
			runOnlyForDeploymentPostprocessing = 0;
			shellPath = /bin/sh;
			shellScript = "diff \"${PODS_PODFILE_DIR_PATH}/Podfile.lock\" \"${PODS_ROOT}/Manifest.lock\" > /dev/null\nif [ $? != 0 ] ; then\n    # print error to STDERR\n    echo \"error: The sandbox is not in sync with the Podfile.lock. Run 'pod install' or update your CocoaPods installation.\" >&2\n    exit 1\nfi\n# This output is used by Xcode 'outputs' to avoid re-running this script phase.\necho \"SUCCESS\" > \"${SCRIPT_OUTPUT_FILE_0}\"\n";
			showEnvVarsInLog = 0;
		};
		856C6E63885529F65C29A1BA /* [CP] Embed Pods Frameworks */ = {
			isa = PBXShellScriptBuildPhase;
			buildActionMask = 2147483647;
			files = (
			);
			inputFileListPaths = (
				"${PODS_ROOT}/Target Support Files/Pods-swiftBoot/Pods-swiftBoot-frameworks-${CONFIGURATION}-input-files.xcfilelist",
			);
			name = "[CP] Embed Pods Frameworks";
			outputFileListPaths = (
				"${PODS_ROOT}/Target Support Files/Pods-swiftBoot/Pods-swiftBoot-frameworks-${CONFIGURATION}-output-files.xcfilelist",
			);
			runOnlyForDeploymentPostprocessing = 0;
			shellPath = /bin/sh;
			shellScript = "\"${PODS_ROOT}/Target Support Files/Pods-swiftBoot/Pods-swiftBoot-frameworks.sh\"\n";
			showEnvVarsInLog = 0;
		};
		DC83389C6236B85BC015738A /* [CP] Embed Pods Frameworks */ = {
			isa = PBXShellScriptBuildPhase;
			buildActionMask = 2147483647;
			files = (
			);
			inputFileListPaths = (
				"${PODS_ROOT}/Target Support Files/Pods-swiftBoot-swiftBootUITests/Pods-swiftBoot-swiftBootUITests-frameworks-${CONFIGURATION}-input-files.xcfilelist",
			);
			name = "[CP] Embed Pods Frameworks";
			outputFileListPaths = (
				"${PODS_ROOT}/Target Support Files/Pods-swiftBoot-swiftBootUITests/Pods-swiftBoot-swiftBootUITests-frameworks-${CONFIGURATION}-output-files.xcfilelist",
			);
			runOnlyForDeploymentPostprocessing = 0;
			shellPath = /bin/sh;
			shellScript = "\"${PODS_ROOT}/Target Support Files/Pods-swiftBoot-swiftBootUITests/Pods-swiftBoot-swiftBootUITests-frameworks.sh\"\n";
			showEnvVarsInLog = 0;
		};
/* End PBXShellScriptBuildPhase section */

/* Begin PBXSourcesBuildPhase section */
		620BD6CE26998ECC00F255C0 /* Sources */ = {
			isa = PBXSourcesBuildPhase;
			buildActionMask = 2147483647;
			files = (
				620BD70B2699A73A00F255C0 /* NSDate+Extension.swift in Sources */,
				620BD7092699A60500F255C0 /* UIBarButtonItem+Extension.swift in Sources */,
				620BD6DA26998ECC00F255C0 /* ViewController.swift in Sources */,
				620BD70E2699A7F900F255C0 /* Common.swift in Sources */,
				620BD6D626998ECC00F255C0 /* AppDelegate.swift in Sources */,
			);
			runOnlyForDeploymentPostprocessing = 0;
		};
		620BD6E426998ED100F255C0 /* Sources */ = {
			isa = PBXSourcesBuildPhase;
			buildActionMask = 2147483647;
			files = (
				620BD6ED26998ED100F255C0 /* swiftBootTests.swift in Sources */,
			);
			runOnlyForDeploymentPostprocessing = 0;
		};
		620BD6EF26998ED100F255C0 /* Sources */ = {
			isa = PBXSourcesBuildPhase;
			buildActionMask = 2147483647;
			files = (
				620BD6F826998ED100F255C0 /* swiftBootUITests.swift in Sources */,
			);
			runOnlyForDeploymentPostprocessing = 0;
		};
/* End PBXSourcesBuildPhase section */

/* Begin PBXTargetDependency section */
		620BD6EA26998ED100F255C0 /* PBXTargetDependency */ = {
			isa = PBXTargetDependency;
			target = 620BD6D126998ECC00F255C0 /* swiftBoot */;
			targetProxy = 620BD6E926998ED100F255C0 /* PBXContainerItemProxy */;
		};
		620BD6F526998ED100F255C0 /* PBXTargetDependency */ = {
			isa = PBXTargetDependency;
			target = 620BD6D126998ECC00F255C0 /* swiftBoot */;
			targetProxy = 620BD6F426998ED100F255C0 /* PBXContainerItemProxy */;
		};
/* End PBXTargetDependency section */

/* Begin PBXVariantGroup section */
		620BD6E026998ED100F255C0 /* LaunchScreen.storyboard */ = {
			isa = PBXVariantGroup;
			children = (
				620BD6E126998ED100F255C0 /* Base */,
			);
			name = LaunchScreen.storyboard;
			sourceTree = "<group>";
		};
/* End PBXVariantGroup section */

/* Begin XCBuildConfiguration section */
		620BD6FA26998ED100F255C0 /* Debug */ = {
			isa = XCBuildConfiguration;
			buildSettings = {
				ALWAYS_SEARCH_USER_PATHS = NO;
				CLANG_ANALYZER_NONNULL = YES;
				CLANG_ANALYZER_NUMBER_OBJECT_CONVERSION = YES_AGGRESSIVE;
				CLANG_CXX_LANGUAGE_STANDARD = "gnu++14";
				CLANG_CXX_LIBRARY = "libc++";
				CLANG_ENABLE_MODULES = YES;
				CLANG_ENABLE_OBJC_ARC = YES;
				CLANG_ENABLE_OBJC_WEAK = YES;
				CLANG_WARN_BLOCK_CAPTURE_AUTORELEASING = YES;
				CLANG_WARN_BOOL_CONVERSION = YES;
				CLANG_WARN_COMMA = YES;
				CLANG_WARN_CONSTANT_CONVERSION = YES;
				CLANG_WARN_DEPRECATED_OBJC_IMPLEMENTATIONS = YES;
				CLANG_WARN_DIRECT_OBJC_ISA_USAGE = YES_ERROR;
				CLANG_WARN_DOCUMENTATION_COMMENTS = YES;
				CLANG_WARN_EMPTY_BODY = YES;
				CLANG_WARN_ENUM_CONVERSION = YES;
				CLANG_WARN_INFINITE_RECURSION = YES;
				CLANG_WARN_INT_CONVERSION = YES;
				CLANG_WARN_NON_LITERAL_NULL_CONVERSION = YES;
				CLANG_WARN_OBJC_IMPLICIT_RETAIN_SELF = YES;
				CLANG_WARN_OBJC_LITERAL_CONVERSION = YES;
				CLANG_WARN_OBJC_ROOT_CLASS = YES_ERROR;
				CLANG_WARN_QUOTED_INCLUDE_IN_FRAMEWORK_HEADER = YES;
				CLANG_WARN_RANGE_LOOP_ANALYSIS = YES;
				CLANG_WARN_STRICT_PROTOTYPES = YES;
				CLANG_WARN_SUSPICIOUS_MOVE = YES;
				CLANG_WARN_UNGUARDED_AVAILABILITY = YES_AGGRESSIVE;
				CLANG_WARN_UNREACHABLE_CODE = YES;
				CLANG_WARN__DUPLICATE_METHOD_MATCH = YES;
				COPY_PHASE_STRIP = NO;
				DEBUG_INFORMATION_FORMAT = dwarf;
				ENABLE_STRICT_OBJC_MSGSEND = YES;
				ENABLE_TESTABILITY = YES;
				GCC_C_LANGUAGE_STANDARD = gnu11;
				GCC_DYNAMIC_NO_PIC = NO;
				GCC_NO_COMMON_BLOCKS = YES;
				GCC_OPTIMIZATION_LEVEL = 0;
				GCC_PREPROCESSOR_DEFINITIONS = (
					"DEBUG=1",
					"$(inherited)",
				);
				GCC_WARN_64_TO_32_BIT_CONVERSION = YES;
				GCC_WARN_ABOUT_RETURN_TYPE = YES_ERROR;
				GCC_WARN_UNDECLARED_SELECTOR = YES;
				GCC_WARN_UNINITIALIZED_AUTOS = YES_AGGRESSIVE;
				GCC_WARN_UNUSED_FUNCTION = YES;
				GCC_WARN_UNUSED_VARIABLE = YES;
				IPHONEOS_DEPLOYMENT_TARGET = 14.5;
				MTL_ENABLE_DEBUG_INFO = INCLUDE_SOURCE;
				MTL_FAST_MATH = YES;
				ONLY_ACTIVE_ARCH = YES;
				SDKROOT = iphoneos;
				SWIFT_ACTIVE_COMPILATION_CONDITIONS = DEBUG;
				SWIFT_OPTIMIZATION_LEVEL = "-Onone";
			};
			name = Debug;
		};
		620BD6FB26998ED100F255C0 /* Release */ = {
			isa = XCBuildConfiguration;
			buildSettings = {
				ALWAYS_SEARCH_USER_PATHS = NO;
				CLANG_ANALYZER_NONNULL = YES;
				CLANG_ANALYZER_NUMBER_OBJECT_CONVERSION = YES_AGGRESSIVE;
				CLANG_CXX_LANGUAGE_STANDARD = "gnu++14";
				CLANG_CXX_LIBRARY = "libc++";
				CLANG_ENABLE_MODULES = YES;
				CLANG_ENABLE_OBJC_ARC = YES;
				CLANG_ENABLE_OBJC_WEAK = YES;
				CLANG_WARN_BLOCK_CAPTURE_AUTORELEASING = YES;
				CLANG_WARN_BOOL_CONVERSION = YES;
				CLANG_WARN_COMMA = YES;
				CLANG_WARN_CONSTANT_CONVERSION = YES;
				CLANG_WARN_DEPRECATED_OBJC_IMPLEMENTATIONS = YES;
				CLANG_WARN_DIRECT_OBJC_ISA_USAGE = YES_ERROR;
				CLANG_WARN_DOCUMENTATION_COMMENTS = YES;
				CLANG_WARN_EMPTY_BODY = YES;
				CLANG_WARN_ENUM_CONVERSION = YES;
				CLANG_WARN_INFINITE_RECURSION = YES;
				CLANG_WARN_INT_CONVERSION = YES;
				CLANG_WARN_NON_LITERAL_NULL_CONVERSION = YES;
				CLANG_WARN_OBJC_IMPLICIT_RETAIN_SELF = YES;
				CLANG_WARN_OBJC_LITERAL_CONVERSION = YES;
				CLANG_WARN_OBJC_ROOT_CLASS = YES_ERROR;
				CLANG_WARN_QUOTED_INCLUDE_IN_FRAMEWORK_HEADER = YES;
				CLANG_WARN_RANGE_LOOP_ANALYSIS = YES;
				CLANG_WARN_STRICT_PROTOTYPES = YES;
				CLANG_WARN_SUSPICIOUS_MOVE = YES;
				CLANG_WARN_UNGUARDED_AVAILABILITY = YES_AGGRESSIVE;
				CLANG_WARN_UNREACHABLE_CODE = YES;
				CLANG_WARN__DUPLICATE_METHOD_MATCH = YES;
				COPY_PHASE_STRIP = NO;
				DEBUG_INFORMATION_FORMAT = "dwarf-with-dsym";
				ENABLE_NS_ASSERTIONS = NO;
				ENABLE_STRICT_OBJC_MSGSEND = YES;
				GCC_C_LANGUAGE_STANDARD = gnu11;
				GCC_NO_COMMON_BLOCKS = YES;
				GCC_WARN_64_TO_32_BIT_CONVERSION = YES;
				GCC_WARN_ABOUT_RETURN_TYPE = YES_ERROR;
				GCC_WARN_UNDECLARED_SELECTOR = YES;
				GCC_WARN_UNINITIALIZED_AUTOS = YES_AGGRESSIVE;
				GCC_WARN_UNUSED_FUNCTION = YES;
				GCC_WARN_UNUSED_VARIABLE = YES;
				IPHONEOS_DEPLOYMENT_TARGET = 14.5;
				MTL_ENABLE_DEBUG_INFO = NO;
				MTL_FAST_MATH = YES;
				SDKROOT = iphoneos;
				SWIFT_COMPILATION_MODE = wholemodule;
				SWIFT_OPTIMIZATION_LEVEL = "-O";
				VALIDATE_PRODUCT = YES;
			};
			name = Release;
		};
		620BD6FD26998ED100F255C0 /* Debug */ = {
			isa = XCBuildConfiguration;
			baseConfigurationReference = 7CF9BDCDAED5CD68373803CF /* Pods-swiftBoot.debug.xcconfig */;
			buildSettings = {
				ASSETCATALOG_COMPILER_APPICON_NAME = AppIcon;
				ASSETCATALOG_COMPILER_GLOBAL_ACCENT_COLOR_NAME = AccentColor;
				CODE_SIGN_STYLE = Automatic;
				INFOPLIST_FILE = swiftBoot/Info.plist;
				IPHONEOS_DEPLOYMENT_TARGET = 10.0;
				LD_RUNPATH_SEARCH_PATHS = (
					"$(inherited)",
					"@executable_path/Frameworks",
				);
				PRODUCT_BUNDLE_IDENTIFIER = com.devlei.swiftBoot;
				PRODUCT_NAME = "$(TARGET_NAME)";
				SWIFT_VERSION = 5.0;
				TARGETED_DEVICE_FAMILY = "1,2";
			};
			name = Debug;
		};
		620BD6FE26998ED100F255C0 /* Release */ = {
			isa = XCBuildConfiguration;
			baseConfigurationReference = 8A350E81B9E08E0F87528BF5 /* Pods-swiftBoot.release.xcconfig */;
			buildSettings = {
				ASSETCATALOG_COMPILER_APPICON_NAME = AppIcon;
				ASSETCATALOG_COMPILER_GLOBAL_ACCENT_COLOR_NAME = AccentColor;
				CODE_SIGN_STYLE = Automatic;
				INFOPLIST_FILE = swiftBoot/Info.plist;
				IPHONEOS_DEPLOYMENT_TARGET = 10.0;
				LD_RUNPATH_SEARCH_PATHS = (
					"$(inherited)",
					"@executable_path/Frameworks",
				);
				PRODUCT_BUNDLE_IDENTIFIER = com.devlei.swiftBoot;
				PRODUCT_NAME = "$(TARGET_NAME)";
				SWIFT_VERSION = 5.0;
				TARGETED_DEVICE_FAMILY = "1,2";
			};
			name = Release;
		};
		620BD70026998ED100F255C0 /* Debug */ = {
			isa = XCBuildConfiguration;
			baseConfigurationReference = 2C9D9CE19E38C8CA6DB9944D /* Pods-swiftBootTests.debug.xcconfig */;
			buildSettings = {
				ALWAYS_EMBED_SWIFT_STANDARD_LIBRARIES = YES;
				BUNDLE_LOADER = "$(TEST_HOST)";
				CODE_SIGN_STYLE = Automatic;
				INFOPLIST_FILE = swiftBootTests/Info.plist;
				IPHONEOS_DEPLOYMENT_TARGET = 14.5;
				LD_RUNPATH_SEARCH_PATHS = (
					"$(inherited)",
					"@executable_path/Frameworks",
					"@loader_path/Frameworks",
				);
				PRODUCT_BUNDLE_IDENTIFIER = com.devlei.swiftBootTests;
				PRODUCT_NAME = "$(TARGET_NAME)";
				SWIFT_VERSION = 5.0;
				TARGETED_DEVICE_FAMILY = "1,2";
				TEST_HOST = "$(BUILT_PRODUCTS_DIR)/swiftBoot.app/swiftBoot";
			};
			name = Debug;
		};
		620BD70126998ED100F255C0 /* Release */ = {
			isa = XCBuildConfiguration;
			baseConfigurationReference = BFA4AB82365B84FB6F8FA219 /* Pods-swiftBootTests.release.xcconfig */;
			buildSettings = {
				ALWAYS_EMBED_SWIFT_STANDARD_LIBRARIES = YES;
				BUNDLE_LOADER = "$(TEST_HOST)";
				CODE_SIGN_STYLE = Automatic;
				INFOPLIST_FILE = swiftBootTests/Info.plist;
				IPHONEOS_DEPLOYMENT_TARGET = 14.5;
				LD_RUNPATH_SEARCH_PATHS = (
					"$(inherited)",
					"@executable_path/Frameworks",
					"@loader_path/Frameworks",
				);
				PRODUCT_BUNDLE_IDENTIFIER = com.devlei.swiftBootTests;
				PRODUCT_NAME = "$(TARGET_NAME)";
				SWIFT_VERSION = 5.0;
				TARGETED_DEVICE_FAMILY = "1,2";
				TEST_HOST = "$(BUILT_PRODUCTS_DIR)/swiftBoot.app/swiftBoot";
			};
			name = Release;
		};
		620BD70326998ED100F255C0 /* Debug */ = {
			isa = XCBuildConfiguration;
			baseConfigurationReference = 70AD1CD26677EE73D9712B09 /* Pods-swiftBoot-swiftBootUITests.debug.xcconfig */;
			buildSettings = {
				ALWAYS_EMBED_SWIFT_STANDARD_LIBRARIES = YES;
				CODE_SIGN_STYLE = Automatic;
				INFOPLIST_FILE = swiftBootUITests/Info.plist;
				LD_RUNPATH_SEARCH_PATHS = (
					"$(inherited)",
					"@executable_path/Frameworks",
					"@loader_path/Frameworks",
				);
				PRODUCT_BUNDLE_IDENTIFIER = com.devlei.swiftBootUITests;
				PRODUCT_NAME = "$(TARGET_NAME)";
				SWIFT_VERSION = 5.0;
				TARGETED_DEVICE_FAMILY = "1,2";
				TEST_TARGET_NAME = swiftBoot;
			};
			name = Debug;
		};
		620BD70426998ED100F255C0 /* Release */ = {
			isa = XCBuildConfiguration;
			baseConfigurationReference = E16EA280E0DEF0BC12A2B3D1 /* Pods-swiftBoot-swiftBootUITests.release.xcconfig */;
			buildSettings = {
				ALWAYS_EMBED_SWIFT_STANDARD_LIBRARIES = YES;
				CODE_SIGN_STYLE = Automatic;
				INFOPLIST_FILE = swiftBootUITests/Info.plist;
				LD_RUNPATH_SEARCH_PATHS = (
					"$(inherited)",
					"@executable_path/Frameworks",
					"@loader_path/Frameworks",
				);
				PRODUCT_BUNDLE_IDENTIFIER = com.devlei.swiftBootUITests;
				PRODUCT_NAME = "$(TARGET_NAME)";
				SWIFT_VERSION = 5.0;
				TARGETED_DEVICE_FAMILY = "1,2";
				TEST_TARGET_NAME = swiftBoot;
			};
			name = Release;
		};
/* End XCBuildConfiguration section */

/* Begin XCConfigurationList section */
		620BD6CD26998ECC00F255C0 /* Build configuration list for PBXProject "swiftBoot" */ = {
			isa = XCConfigurationList;
			buildConfigurations = (
				620BD6FA26998ED100F255C0 /* Debug */,
				620BD6FB26998ED100F255C0 /* Release */,
			);
			defaultConfigurationIsVisible = 0;
			defaultConfigurationName = Release;
		};
		620BD6FC26998ED100F255C0 /* Build configuration list for PBXNativeTarget "swiftBoot" */ = {
			isa = XCConfigurationList;
			buildConfigurations = (
				620BD6FD26998ED100F255C0 /* Debug */,
				620BD6FE26998ED100F255C0 /* Release */,
			);
			defaultConfigurationIsVisible = 0;
			defaultConfigurationName = Release;
		};
		620BD6FF26998ED100F255C0 /* Build configuration list for PBXNativeTarget "swiftBootTests" */ = {
			isa = XCConfigurationList;
			buildConfigurations = (
				620BD70026998ED100F255C0 /* Debug */,
				620BD70126998ED100F255C0 /* Release */,
			);
			defaultConfigurationIsVisible = 0;
			defaultConfigurationName = Release;
		};
		620BD70226998ED100F255C0 /* Build configuration list for PBXNativeTarget "swiftBootUITests" */ = {
			isa = XCConfigurationList;
			buildConfigurations = (
				620BD70326998ED100F255C0 /* Debug */,
				620BD70426998ED100F255C0 /* Release */,
			);
			defaultConfigurationIsVisible = 0;
			defaultConfigurationName = Release;
		};
/* End XCConfigurationList section */
	};
	rootObject = 620BD6CA26998ECC00F255C0 /* Project object */;
}
